
Microsoft Visual Studio Solution File, Format Version 12.00
# Visual Studio Version 16
VisualStudioVersion = 16.0.33214.272
MinimumVisualStudioVersion = 10.0.40219.1
Project("{FAE04EC0-301F-11D3-BF4B-00C04F79EFBC}") = "GerenciadorEmpresarial.UI", "GerenciadorEmpresarial\GerenciadorEmpresarial.UI.csproj", "{3AD3F6C5-AE92-4F32-989B-13500C31380B}"
EndProject
Project("{FAE04EC0-301F-11D3-BF4B-00C04F79EFBC}") = "BLL", "BLL\BLL.csproj", "{F053BAB9-141D-4AFB-A999-F3A1B386BCA6}"
EndProject
Project("{FAE04EC0-301F-11D3-BF4B-00C04F79EFBC}") = "APP", "APP\APP.csproj", "{F065DAFC-E4EF-42E1-A907-DEB89EAC2DE1}"
EndProject
Project("{9A19103F-16F7-4668-BE54-9A1E7A4F7556}") = "Infra.Data.DAL", "Infra.Data.DAL\Infra.Data.DAL.csproj", "{E20EB0A8-7F54-4A54-95A6-336E90E0997A}"
EndProject
Project("{9A19103F-16F7-4668-BE54-9A1E7A4F7556}") = "Domain", "Domain\Domain.csproj", "{84877800-F61B-4DF2-B44F-30B9CAFB3070}"
EndProject
Project("{9A19103F-16F7-4668-BE54-9A1E7A4F7556}") = "UI", "UI\UI.csproj", "{D0274FB3-FCD5-4F06-A8FD-A120F5F30BD4}"
EndProject
Project("{9A19103F-16F7-4668-BE54-9A1E7A4F7556}") = "Infra.Application", "Application\Infra.Application.csproj", "{6BEE6834-8F31-4FDF-ABA7-5AF320D4C934}"
EndProject
Project("{FAE04EC0-301F-11D3-BF4B-00C04F79EFBC}") = "Infra.IoC", "Infra.IoC\Infra.IoC.csproj", "{5024EC74-AA4A-46BC-8FE4-D0A6612FE810}"
EndProject
Global
	GlobalSection(SolutionConfigurationPlatforms) = preSolution
		Debug|Any CPU = Debug|Any CPU
		Release|Any CPU = Release|Any CPU
	EndGlobalSection
	GlobalSection(ProjectConfigurationPlatforms) = postSolution
		{3AD3F6C5-AE92-4F32-989B-13500C31380B}.Debug|Any CPU.ActiveCfg = Debug|Any CPU
		{3AD3F6C5-AE92-4F32-989B-13500C31380B}.Debug|Any CPU.Build.0 = Debug|Any CPU
		{3AD3F6C5-AE92-4F32-989B-13500C31380B}.Release|Any CPU.ActiveCfg = Release|Any CPU
		{3AD3F6C5-AE92-4F32-989B-13500C31380B}.Release|Any CPU.Build.0 = Release|Any CPU
		{F053BAB9-141D-4AFB-A999-F3A1B386BCA6}.Debug|Any CPU.ActiveCfg = Debug|Any CPU
		{F053BAB9-141D-4AFB-A999-F3A1B386BCA6}.Debug|Any CPU.Build.0 = Debug|Any CPU
		{F053BAB9-141D-4AFB-A999-F3A1B386BCA6}.Release|Any CPU.ActiveCfg = Release|Any CPU
		{F053BAB9-141D-4AFB-A999-F3A1B386BCA6}.Release|Any CPU.Build.0 = Release|Any CPU
		{F065DAFC-E4EF-42E1-A907-DEB89EAC2DE1}.Debug|Any CPU.ActiveCfg = Debug|Any CPU
		{F065DAFC-E4EF-42E1-A907-DEB89EAC2DE1}.Debug|Any CPU.Build.0 = Debug|Any CPU
		{F065DAFC-E4EF-42E1-A907-DEB89EAC2DE1}.Release|Any CPU.ActiveCfg = Release|Any CPU
		{F065DAFC-E4EF-42E1-A907-DEB89EAC2DE1}.Release|Any CPU.Build.0 = Release|Any CPU
		{E20EB0A8-7F54-4A54-95A6-336E90E0997A}.Debug|Any CPU.ActiveCfg = Debug|Any CPU
		{E20EB0A8-7F54-4A54-95A6-336E90E0997A}.Debug|Any CPU.Build.0 = Debug|Any CPU
		{E20EB0A8-7F54-4A54-95A6-336E90E0997A}.Release|Any CPU.ActiveCfg = Release|Any CPU
		{E20EB0A8-7F54-4A54-95A6-336E90E0997A}.Release|Any CPU.Build.0 = Release|Any CPU
		{84877800-F61B-4DF2-B44F-30B9CAFB3070}.Debug|Any CPU.ActiveCfg = Debug|Any CPU
		{84877800-F61B-4DF2-B44F-30B9CAFB3070}.Debug|Any CPU.Build.0 = Debug|Any CPU
		{84877800-F61B-4DF2-B44F-30B9CAFB3070}.Release|Any CPU.ActiveCfg = Release|Any CPU
		{84877800-F61B-4DF2-B44F-30B9CAFB3070}.Release|Any CPU.Build.0 = Release|Any CPU
		{D0274FB3-FCD5-4F06-A8FD-A120F5F30BD4}.Debug|Any CPU.ActiveCfg = Debug|Any CPU
		{D0274FB3-FCD5-4F06-A8FD-A120F5F30BD4}.Debug|Any CPU.Build.0 = Debug|Any CPU
		{D0274FB3-FCD5-4F06-A8FD-A120F5F30BD4}.Release|Any CPU.ActiveCfg = Release|Any CPU
		{D0274FB3-FCD5-4F06-A8FD-A120F5F30BD4}.Release|Any CPU.Build.0 = Release|Any CPU
		{6BEE6834-8F31-4FDF-ABA7-5AF320D4C934}.Debug|Any CPU.ActiveCfg = Debug|Any CPU
		{6BEE6834-8F31-4FDF-ABA7-5AF320D4C934}.Debug|Any CPU.Build.0 = Debug|Any CPU
		{6BEE6834-8F31-4FDF-ABA7-5AF320D4C934}.Release|Any CPU.ActiveCfg = Release|Any CPU
		{6BEE6834-8F31-4FDF-ABA7-5AF320D4C934}.Release|Any CPU.Build.0 = Release|Any CPU
		{5024EC74-AA4A-46BC-8FE4-D0A6612FE810}.Debug|Any CPU.ActiveCfg = Debug|Any CPU
		{5024EC74-AA4A-46BC-8FE4-D0A6612FE810}.Debug|Any CPU.Build.0 = Debug|Any CPU
		{5024EC74-AA4A-46BC-8FE4-D0A6612FE810}.Release|Any CPU.ActiveCfg = Release|Any CPU
		{5024EC74-AA4A-46BC-8FE4-D0A6612FE810}.Release|Any CPU.Build.0 = Release|Any CPU
	EndGlobalSection
	GlobalSection(SolutionProperties) = preSolution
		HideSolutionNode = FALSE
	EndGlobalSection
	GlobalSection(ExtensibilityGlobals) = postSolution
		SolutionGuid = {FD85A09F-77C6-4486-86F2-11A9944121AE}
	EndGlobalSection
EndGlobal
