
Microsoft Visual Studio Solution File, Format Version 12.00
# Visual Studio Version 16
VisualStudioVersion = 16.0.33214.272
MinimumVisualStudioVersion = 10.0.40219.1
Project("{FAE04EC0-301F-11D3-BF4B-00C04F79EFBC}") = "GerenciadorEmpresarial.UI", "GerenciadorEmpresarial\GerenciadorEmpresarial.UI.csproj", "{3AD3F6C5-AE92-4F32-989B-13500C31380B}"
EndProject
Project("{FAE04EC0-301F-11D3-BF4B-00C04F79EFBC}") = "BLL", "BLL\BLL.csproj", "{F053BAB9-141D-4AFB-A999-F3A1B386BCA6}"
EndProject
Project("{FAE04EC0-301F-11D3-BF4B-00C04F79EFBC}") = "DAL", "DAL\DAL.csproj", "{3D1D5929-DEC7-4C27-A173-347F8BDD596D}"
EndProject
Project("{FAE04EC0-301F-11D3-BF4B-00C04F79EFBC}") = "APP", "APP\APP.csproj", "{F065DAFC-E4EF-42E1-A907-DEB89EAC2DE1}"
EndProject
Global
	GlobalSection(SolutionConfigurationPlatforms) = preSolution
		Debug|Any CPU = Debug|Any CPU
		Release|Any CPU = Release|Any CPU
	EndGlobalSection
	GlobalSection(ProjectConfigurationPlatforms) = postSolution
		{3AD3F6C5-AE92-4F32-989B-13500C31380B}.Debug|Any CPU.ActiveCfg = Debug|Any CPU
		{3AD3F6C5-AE92-4F32-989B-13500C31380B}.Debug|Any CPU.Build.0 = Debug|Any CPU
		{3AD3F6C5-AE92-4F32-989B-13500C31380B}.Release|Any CPU.ActiveCfg = Release|Any CPU
		{3AD3F6C5-AE92-4F32-989B-13500C31380B}.Release|Any CPU.Build.0 = Release|Any CPU
		{F053BAB9-141D-4AFB-A999-F3A1B386BCA6}.Debug|Any CPU.ActiveCfg = Debug|Any CPU
		{F053BAB9-141D-4AFB-A999-F3A1B386BCA6}.Debug|Any CPU.Build.0 = Debug|Any CPU
		{F053BAB9-141D-4AFB-A999-F3A1B386BCA6}.Release|Any CPU.ActiveCfg = Release|Any CPU
		{F053BAB9-141D-4AFB-A999-F3A1B386BCA6}.Release|Any CPU.Build.0 = Release|Any CPU
		{3D1D5929-DEC7-4C27-A173-347F8BDD596D}.Debug|Any CPU.ActiveCfg = Debug|Any CPU
		{3D1D5929-DEC7-4C27-A173-347F8BDD596D}.Debug|Any CPU.Build.0 = Debug|Any CPU
		{3D1D5929-DEC7-4C27-A173-347F8BDD596D}.Release|Any CPU.ActiveCfg = Release|Any CPU
		{3D1D5929-DEC7-4C27-A173-347F8BDD596D}.Release|Any CPU.Build.0 = Release|Any CPU
		{F065DAFC-E4EF-42E1-A907-DEB89EAC2DE1}.Debug|Any CPU.ActiveCfg = Debug|Any CPU
		{F065DAFC-E4EF-42E1-A907-DEB89EAC2DE1}.Debug|Any CPU.Build.0 = Debug|Any CPU
		{F065DAFC-E4EF-42E1-A907-DEB89EAC2DE1}.Release|Any CPU.ActiveCfg = Release|Any CPU
		{F065DAFC-E4EF-42E1-A907-DEB89EAC2DE1}.Release|Any CPU.Build.0 = Release|Any CPU
	EndGlobalSection
	GlobalSection(SolutionProperties) = preSolution
		HideSolutionNode = FALSE
	EndGlobalSection
	GlobalSection(ExtensibilityGlobals) = postSolution
		SolutionGuid = {FD85A09F-77C6-4486-86F2-11A9944121AE}
	EndGlobalSection
EndGlobal
